
Microsoft Visual Studio Solution File, Format Version 12.00
# Visual Studio Version 17
VisualStudioVersion = 17.2.32602.215
MinimumVisualStudioVersion = 10.0.40219.1
Project("{FAE04EC0-301F-11D3-BF4B-00C04F79EFBC}") = "ApiAplication", "ApiAplication\ApiAplication.csproj", "{9309E8DE-518C-4AEC-BCCF-40125C99EBC7}"
EndProject
Global
	GlobalSection(SolutionConfigurationPlatforms) = preSolution
		Debug|Any CPU = Debug|Any CPU
		Release|Any CPU = Release|Any CPU
	EndGlobalSection
	GlobalSection(ProjectConfigurationPlatforms) = postSolution
		{9309E8DE-518C-4AEC-BCCF-40125C99EBC7}.Debug|Any CPU.ActiveCfg = Debug|Any CPU
		{9309E8DE-518C-4AEC-BCCF-40125C99EBC7}.Debug|Any CPU.Build.0 = Debug|Any CPU
		{9309E8DE-518C-4AEC-BCCF-40125C99EBC7}.Release|Any CPU.ActiveCfg = Release|Any CPU
		{9309E8DE-518C-4AEC-BCCF-40125C99EBC7}.Release|Any CPU.Build.0 = Release|Any CPU
	EndGlobalSection
	GlobalSection(SolutionProperties) = preSolution
		HideSolutionNode = FALSE
	EndGlobalSection
	GlobalSection(ExtensibilityGlobals) = postSolution
		SolutionGuid = {4AD5C51B-2744-4B0A-875D-A10784728D8E}
	EndGlobalSection
EndGlobal
